// !$*UTF8*$!
{
	archiveVersion = 1;
	classes = {
	};
	objectVersion = 46;
	objects = {

/* Begin PBXBuildFile section */
		FF3883C01CD9083000F0CEB9 /* main.mm in Sources */ = {isa = PBXBuildFile; fileRef = FF3883BF1CD9083000F0CEB9 /* main.mm */; };
		FF3883C31CD9083000F0CEB9 /* AppDelegate.mm in Sources */ = {isa = PBXBuildFile; fileRef = FF3883C21CD9083000F0CEB9 /* AppDelegate.mm */; };
		FF3883C61CD9083000F0CEB9 /* ViewController.m in Sources */ = {isa = PBXBuildFile; fileRef = FF3883C51CD9083000F0CEB9 /* ViewController.m */; };
		FF3883CB1CD9083000F0CEB9 /* Assets.xcassets in Resources */ = {isa = PBXBuildFile; fileRef = FF3883CA1CD9083000F0CEB9 /* Assets.xcassets */; };
		FF73CC351CD91B0C003AE0B0 /* OpenGLES.framework in Frameworks */ = {isa = PBXBuildFile; fileRef = FF73CC341CD91B0C003AE0B0 /* OpenGLES.framework */; };
		FF73CC371CD91BBA003AE0B0 /* QuartzCore.framework in Frameworks */ = {isa = PBXBuildFile; fileRef = FF73CC361CD91BBA003AE0B0 /* QuartzCore.framework */; };
		FF73CC3A1CDBCC87003AE0B0 /* GLView.mm in Sources */ = {isa = PBXBuildFile; fileRef = FF73CC391CDBCC87003AE0B0 /* GLView.mm */; };
		FF9CD5AB1CE79133009D82BA /* ParametricSurface.cpp in Sources */ = {isa = PBXBuildFile; fileRef = FF9CD5A91CE79133009D82BA /* ParametricSurface.cpp */; };
		FF9CD5AE1CE794A2009D82BA /* Interfaces.cpp in Sources */ = {isa = PBXBuildFile; fileRef = FF9CD5AC1CE794A2009D82BA /* Interfaces.cpp */; };
		FF9CD5B01CE7975B009D82BA /* ApplicationEngine.cpp in Sources */ = {isa = PBXBuildFile; fileRef = FF9CD5AF1CE7975B009D82BA /* ApplicationEngine.cpp */; };
		FF9CD5B21CE79C0E009D82BA /* RenderingEngine.ES2.cpp in Sources */ = {isa = PBXBuildFile; fileRef = FF9CD5B11CE79C0E009D82BA /* RenderingEngine.ES2.cpp */; };
		FF9CD5B61CE79CB4009D82BA /* RenderingEngine.ES1.cpp in Sources */ = {isa = PBXBuildFile; fileRef = FF9CD5B51CE79CB4009D82BA /* RenderingEngine.ES1.cpp */; };
/* End PBXBuildFile section */

/* Begin PBXFileReference section */
		FF3736381CECA77B00445C2C /* SimpleLighting.vert */ = {isa = PBXFileReference; lastKnownFileType = sourcecode.glsl; path = SimpleLighting.vert; sourceTree = "<group>"; };
		FF3736391CECB57500445C2C /* PerPixelLighting.vert */ = {isa = PBXFileReference; lastKnownFileType = sourcecode.glsl; path = PerPixelLighting.vert; sourceTree = "<group>"; };
		FF37363A1CECB58A00445C2C /* PerPixelLighting.frag */ = {isa = PBXFileReference; lastKnownFileType = sourcecode.glsl; path = PerPixelLighting.frag; sourceTree = "<group>"; };
		FF3883BB1CD9083000F0CEB9 /* GRTest.app */ = {isa = PBXFileReference; explicitFileType = wrapper.application; includeInIndex = 0; path = GRTest.app; sourceTree = BUILT_PRODUCTS_DIR; };
		FF3883BF1CD9083000F0CEB9 /* main.mm */ = {isa = PBXFileReference; lastKnownFileType = sourcecode.cpp.objcpp; path = main.mm; sourceTree = "<group>"; };
		FF3883C11CD9083000F0CEB9 /* AppDelegate.h */ = {isa = PBXFileReference; lastKnownFileType = sourcecode.c.h; path = AppDelegate.h; sourceTree = "<group>"; };
		FF3883C21CD9083000F0CEB9 /* AppDelegate.mm */ = {isa = PBXFileReference; lastKnownFileType = sourcecode.cpp.objcpp; path = AppDelegate.mm; sourceTree = "<group>"; };
		FF3883C41CD9083000F0CEB9 /* ViewController.h */ = {isa = PBXFileReference; lastKnownFileType = sourcecode.c.h; path = ViewController.h; sourceTree = "<group>"; };
		FF3883C51CD9083000F0CEB9 /* ViewController.m */ = {isa = PBXFileReference; lastKnownFileType = sourcecode.c.objc; path = ViewController.m; sourceTree = "<group>"; };
		FF3883CA1CD9083000F0CEB9 /* Assets.xcassets */ = {isa = PBXFileReference; lastKnownFileType = folder.assetcatalog; path = Assets.xcassets; sourceTree = "<group>"; };
		FF3883CF1CD9083000F0CEB9 /* Info.plist */ = {isa = PBXFileReference; lastKnownFileType = text.plist.xml; path = Info.plist; sourceTree = "<group>"; };
		FF73963D1CDE3E9600BB94DB /* Simple.frag */ = {isa = PBXFileReference; lastKnownFileType = sourcecode.glsl; path = Simple.frag; sourceTree = "<group>"; };
		FF73963E1CDE3E9600BB94DB /* Simple.vert */ = {isa = PBXFileReference; lastKnownFileType = sourcecode.glsl; path = Simple.vert; sourceTree = "<group>"; };
		FF73CC341CD91B0C003AE0B0 /* OpenGLES.framework */ = {isa = PBXFileReference; lastKnownFileType = wrapper.framework; name = OpenGLES.framework; path = System/Library/Frameworks/OpenGLES.framework; sourceTree = SDKROOT; };
		FF73CC361CD91BBA003AE0B0 /* QuartzCore.framework */ = {isa = PBXFileReference; lastKnownFileType = wrapper.framework; name = QuartzCore.framework; path = System/Library/Frameworks/QuartzCore.framework; sourceTree = SDKROOT; };
		FF73CC381CDBCC87003AE0B0 /* GLView.h */ = {isa = PBXFileReference; fileEncoding = 4; lastKnownFileType = sourcecode.c.h; path = GLView.h; sourceTree = "<group>"; };
		FF73CC391CDBCC87003AE0B0 /* GLView.mm */ = {isa = PBXFileReference; fileEncoding = 4; lastKnownFileType = sourcecode.cpp.objcpp; path = GLView.mm; sourceTree = "<group>"; };
		FF9CD5861CDFAA41009D82BA /* Vector.hpp */ = {isa = PBXFileReference; fileEncoding = 4; lastKnownFileType = sourcecode.cpp.h; path = Vector.hpp; sourceTree = "<group>"; };
		FF9CD5891CDFAD23009D82BA /* Matrix.hpp */ = {isa = PBXFileReference; fileEncoding = 4; lastKnownFileType = sourcecode.cpp.h; path = Matrix.hpp; sourceTree = "<group>"; };
		FF9CD58C1CDFB65F009D82BA /* Quaternion.hpp */ = {isa = PBXFileReference; fileEncoding = 4; lastKnownFileType = sourcecode.cpp.h; path = Quaternion.hpp; sourceTree = "<group>"; };
		FF9CD5A01CE78B2B009D82BA /* ParametricEquations.hpp */ = {isa = PBXFileReference; lastKnownFileType = sourcecode.cpp.h; path = ParametricEquations.hpp; sourceTree = "<group>"; };
		FF9CD5A91CE79133009D82BA /* ParametricSurface.cpp */ = {isa = PBXFileReference; fileEncoding = 4; lastKnownFileType = sourcecode.cpp.cpp; path = ParametricSurface.cpp; sourceTree = "<group>"; };
		FF9CD5AA1CE79133009D82BA /* ParametricSurface.hpp */ = {isa = PBXFileReference; fileEncoding = 4; lastKnownFileType = sourcecode.cpp.h; path = ParametricSurface.hpp; sourceTree = "<group>"; };
		FF9CD5AC1CE794A2009D82BA /* Interfaces.cpp */ = {isa = PBXFileReference; fileEncoding = 4; lastKnownFileType = sourcecode.cpp.cpp; path = Interfaces.cpp; sourceTree = "<group>"; };
		FF9CD5AD1CE794A2009D82BA /* Interfaces.hpp */ = {isa = PBXFileReference; fileEncoding = 4; lastKnownFileType = sourcecode.cpp.h; path = Interfaces.hpp; sourceTree = "<group>"; };
		FF9CD5AF1CE7975B009D82BA /* ApplicationEngine.cpp */ = {isa = PBXFileReference; fileEncoding = 4; lastKnownFileType = sourcecode.cpp.cpp; path = ApplicationEngine.cpp; sourceTree = "<group>"; };
		FF9CD5B11CE79C0E009D82BA /* RenderingEngine.ES2.cpp */ = {isa = PBXFileReference; fileEncoding = 4; lastKnownFileType = sourcecode.cpp.cpp; path = RenderingEngine.ES2.cpp; sourceTree = "<group>"; };
		FF9CD5B51CE79CB4009D82BA /* RenderingEngine.ES1.cpp */ = {isa = PBXFileReference; fileEncoding = 4; lastKnownFileType = sourcecode.cpp.cpp; path = RenderingEngine.ES1.cpp; sourceTree = "<group>"; };
/* End PBXFileReference section */

/* Begin PBXFrameworksBuildPhase section */
		FF3883B81CD9083000F0CEB9 /* Frameworks */ = {
			isa = PBXFrameworksBuildPhase;
			buildActionMask = 2147483647;
			files = (
				FF73CC371CD91BBA003AE0B0 /* QuartzCore.framework in Frameworks */,
				FF73CC351CD91B0C003AE0B0 /* OpenGLES.framework in Frameworks */,
			);
			runOnlyForDeploymentPostprocessing = 0;
		};
/* End PBXFrameworksBuildPhase section */

/* Begin PBXGroup section */
		FF3883B21CD9083000F0CEB9 = {
			isa = PBXGroup;
			children = (
				FF73CC361CD91BBA003AE0B0 /* QuartzCore.framework */,
				FF73CC341CD91B0C003AE0B0 /* OpenGLES.framework */,
				FF3883BD1CD9083000F0CEB9 /* GRTest */,
				FF3883BC1CD9083000F0CEB9 /* Products */,
			);
			sourceTree = "<group>";
		};
		FF3883BC1CD9083000F0CEB9 /* Products */ = {
			isa = PBXGroup;
			children = (
				FF3883BB1CD9083000F0CEB9 /* GRTest.app */,
			);
			name = Products;
			sourceTree = "<group>";
		};
		FF3883BD1CD9083000F0CEB9 /* GRTest */ = {
			isa = PBXGroup;
			children = (
				FF3883C11CD9083000F0CEB9 /* AppDelegate.h */,
				FF3883C21CD9083000F0CEB9 /* AppDelegate.mm */,
				FF73CC381CDBCC87003AE0B0 /* GLView.h */,
				FF73CC391CDBCC87003AE0B0 /* GLView.mm */,
				FF9CD5B11CE79C0E009D82BA /* RenderingEngine.ES2.cpp */,
				FF9CD5B51CE79CB4009D82BA /* RenderingEngine.ES1.cpp */,
				FF9CD5A01CE78B2B009D82BA /* ParametricEquations.hpp */,
				FF9CD5A91CE79133009D82BA /* ParametricSurface.cpp */,
				FF9CD5AA1CE79133009D82BA /* ParametricSurface.hpp */,
				FF9CD5AC1CE794A2009D82BA /* Interfaces.cpp */,
				FF9CD5AD1CE794A2009D82BA /* Interfaces.hpp */,
				FF9CD5AF1CE7975B009D82BA /* ApplicationEngine.cpp */,
				FF3883C41CD9083000F0CEB9 /* ViewController.h */,
				FF3883C51CD9083000F0CEB9 /* ViewController.m */,
				FF9CD5831CDFA9FD009D82BA /* GraphicMath */,
				FF73963C1CDE3E9600BB94DB /* Shaders */,
				FF3883CA1CD9083000F0CEB9 /* Assets.xcassets */,
				FF3883CF1CD9083000F0CEB9 /* Info.plist */,
				FF3883BE1CD9083000F0CEB9 /* Supporting Files */,
			);
			path = GRTest;
			sourceTree = "<group>";
		};
		FF3883BE1CD9083000F0CEB9 /* Supporting Files */ = {
			isa = PBXGroup;
			children = (
				FF3883BF1CD9083000F0CEB9 /* main.mm */,
			);
			name = "Supporting Files";
			sourceTree = "<group>";
		};
		FF73963C1CDE3E9600BB94DB /* Shaders */ = {
			isa = PBXGroup;
			children = (
				FF73963D1CDE3E9600BB94DB /* Simple.frag */,
				FF73963E1CDE3E9600BB94DB /* Simple.vert */,
				FF3736381CECA77B00445C2C /* SimpleLighting.vert */,
				FF3736391CECB57500445C2C /* PerPixelLighting.vert */,
				FF37363A1CECB58A00445C2C /* PerPixelLighting.frag */,
			);
			path = Shaders;
			sourceTree = "<group>";
		};
		FF9CD5831CDFA9FD009D82BA /* GraphicMath */ = {
			isa = PBXGroup;
			children = (
				FF9CD5861CDFAA41009D82BA /* Vector.hpp */,
				FF9CD5891CDFAD23009D82BA /* Matrix.hpp */,
				FF9CD58C1CDFB65F009D82BA /* Quaternion.hpp */,
			);
			path = GraphicMath;
			sourceTree = "<group>";
		};
/* End PBXGroup section */

/* Begin PBXNativeTarget section */
		FF3883BA1CD9083000F0CEB9 /* GRTest */ = {
			isa = PBXNativeTarget;
			buildConfigurationList = FF3883D21CD9083000F0CEB9 /* Build configuration list for PBXNativeTarget "GRTest" */;
			buildPhases = (
				FF3883B71CD9083000F0CEB9 /* Sources */,
				FF3883B81CD9083000F0CEB9 /* Frameworks */,
				FF3883B91CD9083000F0CEB9 /* Resources */,
			);
			buildRules = (
			);
			dependencies = (
			);
			name = GRTest;
			productName = GRTest;
			productReference = FF3883BB1CD9083000F0CEB9 /* GRTest.app */;
			productType = "com.apple.product-type.application";
		};
/* End PBXNativeTarget section */

/* Begin PBXProject section */
		FF3883B31CD9083000F0CEB9 /* Project object */ = {
			isa = PBXProject;
			attributes = {
				LastUpgradeCheck = 0730;
				ORGANIZATIONNAME = roko;
				TargetAttributes = {
					FF3883BA1CD9083000F0CEB9 = {
						CreatedOnToolsVersion = 7.3;
						DevelopmentTeam = 7E544AA9DN;
					};
				};
			};
			buildConfigurationList = FF3883B61CD9083000F0CEB9 /* Build configuration list for PBXProject "GRTest" */;
			compatibilityVersion = "Xcode 3.2";
			developmentRegion = English;
			hasScannedForEncodings = 0;
			knownRegions = (
				en,
				Base,
			);
			mainGroup = FF3883B21CD9083000F0CEB9;
			productRefGroup = FF3883BC1CD9083000F0CEB9 /* Products */;
			projectDirPath = "";
			projectRoot = "";
			targets = (
				FF3883BA1CD9083000F0CEB9 /* GRTest */,
			);
		};
/* End PBXProject section */

/* Begin PBXResourcesBuildPhase section */
		FF3883B91CD9083000F0CEB9 /* Resources */ = {
			isa = PBXResourcesBuildPhase;
			buildActionMask = 2147483647;
			files = (
				FF3883CB1CD9083000F0CEB9 /* Assets.xcassets in Resources */,
			);
			runOnlyForDeploymentPostprocessing = 0;
		};
/* End PBXResourcesBuildPhase section */

/* Begin PBXSourcesBuildPhase section */
		FF3883B71CD9083000F0CEB9 /* Sources */ = {
			isa = PBXSourcesBuildPhase;
			buildActionMask = 2147483647;
			files = (
				FF3883C61CD9083000F0CEB9 /* ViewController.m in Sources */,
				FF9CD5AB1CE79133009D82BA /* ParametricSurface.cpp in Sources */,
				FF73CC3A1CDBCC87003AE0B0 /* GLView.mm in Sources */,
				FF9CD5B01CE7975B009D82BA /* ApplicationEngine.cpp in Sources */,
				FF9CD5AE1CE794A2009D82BA /* Interfaces.cpp in Sources */,
				FF3883C31CD9083000F0CEB9 /* AppDelegate.mm in Sources */,
				FF3883C01CD9083000F0CEB9 /* main.mm in Sources */,
				FF9CD5B21CE79C0E009D82BA /* RenderingEngine.ES2.cpp in Sources */,
				FF9CD5B61CE79CB4009D82BA /* RenderingEngine.ES1.cpp in Sources */,
			);
			runOnlyForDeploymentPostprocessing = 0;
		};
/* End PBXSourcesBuildPhase section */

/* Begin XCBuildConfiguration section */
		FF3883D01CD9083000F0CEB9 /* Debug */ = {
			isa = XCBuildConfiguration;
			buildSettings = {
				ALWAYS_SEARCH_USER_PATHS = NO;
				CLANG_ANALYZER_NONNULL = YES;
				CLANG_CXX_LANGUAGE_STANDARD = "gnu++0x";
				CLANG_CXX_LIBRARY = "libc++";
				CLANG_ENABLE_MODULES = YES;
				CLANG_ENABLE_OBJC_ARC = YES;
				CLANG_WARN_BOOL_CONVERSION = YES;
				CLANG_WARN_CONSTANT_CONVERSION = YES;
				CLANG_WARN_DIRECT_OBJC_ISA_USAGE = YES_ERROR;
				CLANG_WARN_EMPTY_BODY = YES;
				CLANG_WARN_ENUM_CONVERSION = YES;
				CLANG_WARN_INT_CONVERSION = YES;
				CLANG_WARN_OBJC_ROOT_CLASS = YES_ERROR;
				CLANG_WARN_UNREACHABLE_CODE = YES;
				CLANG_WARN__DUPLICATE_METHOD_MATCH = YES;
				"CODE_SIGN_IDENTITY[sdk=iphoneos*]" = "iPhone Developer";
				COPY_PHASE_STRIP = NO;
				DEBUG_INFORMATION_FORMAT = dwarf;
				ENABLE_STRICT_OBJC_MSGSEND = YES;
				ENABLE_TESTABILITY = YES;
				GCC_C_LANGUAGE_STANDARD = gnu99;
				GCC_DYNAMIC_NO_PIC = NO;
				GCC_NO_COMMON_BLOCKS = YES;
				GCC_OPTIMIZATION_LEVEL = 0;
				GCC_PREPROCESSOR_DEFINITIONS = (
					"DEBUG=1",
					"$(inherited)",
				);
				GCC_WARN_64_TO_32_BIT_CONVERSION = YES;
				GCC_WARN_ABOUT_RETURN_TYPE = YES_ERROR;
				GCC_WARN_UNDECLARED_SELECTOR = YES;
				GCC_WARN_UNINITIALIZED_AUTOS = YES_AGGRESSIVE;
				GCC_WARN_UNUSED_FUNCTION = YES;
				GCC_WARN_UNUSED_VARIABLE = YES;
				IPHONEOS_DEPLOYMENT_TARGET = 9.3;
				MTL_ENABLE_DEBUG_INFO = YES;
				ONLY_ACTIVE_ARCH = YES;
				SDKROOT = iphoneos;
				TARGETED_DEVICE_FAMILY = "1,2";
			};
			name = Debug;
		};
		FF3883D11CD9083000F0CEB9 /* Release */ = {
			isa = XCBuildConfiguration;
			buildSettings = {
				ALWAYS_SEARCH_USER_PATHS = NO;
				CLANG_ANALYZER_NONNULL = YES;
				CLANG_CXX_LANGUAGE_STANDARD = "gnu++0x";
				CLANG_CXX_LIBRARY = "libc++";
				CLANG_ENABLE_MODULES = YES;
				CLANG_ENABLE_OBJC_ARC = YES;
				CLANG_WARN_BOOL_CONVERSION = YES;
				CLANG_WARN_CONSTANT_CONVERSION = YES;
				CLANG_WARN_DIRECT_OBJC_ISA_USAGE = YES_ERROR;
				CLANG_WARN_EMPTY_BODY = YES;
				CLANG_WARN_ENUM_CONVERSION = YES;
				CLANG_WARN_INT_CONVERSION = YES;
				CLANG_WARN_OBJC_ROOT_CLASS = YES_ERROR;
				CLANG_WARN_UNREACHABLE_CODE = YES;
				CLANG_WARN__DUPLICATE_METHOD_MATCH = YES;
				"CODE_SIGN_IDENTITY[sdk=iphoneos*]" = "iPhone Developer";
				COPY_PHASE_STRIP = NO;
				DEBUG_INFORMATION_FORMAT = "dwarf-with-dsym";
				ENABLE_NS_ASSERTIONS = NO;
				ENABLE_STRICT_OBJC_MSGSEND = YES;
				GCC_C_LANGUAGE_STANDARD = gnu99;
				GCC_NO_COMMON_BLOCKS = YES;
				GCC_WARN_64_TO_32_BIT_CONVERSION = YES;
				GCC_WARN_ABOUT_RETURN_TYPE = YES_ERROR;
				GCC_WARN_UNDECLARED_SELECTOR = YES;
				GCC_WARN_UNINITIALIZED_AUTOS = YES_AGGRESSIVE;
				GCC_WARN_UNUSED_FUNCTION = YES;
				GCC_WARN_UNUSED_VARIABLE = YES;
				IPHONEOS_DEPLOYMENT_TARGET = 9.3;
				MTL_ENABLE_DEBUG_INFO = NO;
				SDKROOT = iphoneos;
				TARGETED_DEVICE_FAMILY = "1,2";
				VALIDATE_PRODUCT = YES;
			};
			name = Release;
		};
		FF3883D31CD9083000F0CEB9 /* Debug */ = {
			isa = XCBuildConfiguration;
			buildSettings = {
				ASSETCATALOG_COMPILER_APPICON_NAME = AppIcon;
				CODE_SIGN_IDENTITY = "iPhone Developer";
				HEADER_SEARCH_PATHS = "\"$(SRCROOT)/GRTest/Shaders/\"";
				INFOPLIST_FILE = GRTest/Info.plist;
				LD_RUNPATH_SEARCH_PATHS = "$(inherited) @executable_path/Frameworks";
				PRODUCT_BUNDLE_IDENTIFIER = com.mycompany.GRTest;
				PRODUCT_NAME = "$(TARGET_NAME)";
				PROVISIONING_PROFILE = "7c3e1dce-eea8-44eb-9cd3-d8c0b1dc43ff";
			};
			name = Debug;
		};
		FF3883D41CD9083000F0CEB9 /* Release */ = {
			isa = XCBuildConfiguration;
			buildSettings = {
				ASSETCATALOG_COMPILER_APPICON_NAME = AppIcon;
				CODE_SIGN_IDENTITY = "iPhone Developer";
				HEADER_SEARCH_PATHS = "\"$(SRCROOT)/GRTest/Shaders/\"";
				INFOPLIST_FILE = GRTest/Info.plist;
				LD_RUNPATH_SEARCH_PATHS = "$(inherited) @executable_path/Frameworks";
				PRODUCT_BUNDLE_IDENTIFIER = com.mycompany.GRTest;
				PRODUCT_NAME = "$(TARGET_NAME)";
				PROVISIONING_PROFILE = "7c3e1dce-eea8-44eb-9cd3-d8c0b1dc43ff";
			};
			name = Release;
		};
/* End XCBuildConfiguration section */

/* Begin XCConfigurationList section */
		FF3883B61CD9083000F0CEB9 /* Build configuration list for PBXProject "GRTest" */ = {
			isa = XCConfigurationList;
			buildConfigurations = (
				FF3883D01CD9083000F0CEB9 /* Debug */,
				FF3883D11CD9083000F0CEB9 /* Release */,
			);
			defaultConfigurationIsVisible = 0;
			defaultConfigurationName = Release;
		};
		FF3883D21CD9083000F0CEB9 /* Build configuration list for PBXNativeTarget "GRTest" */ = {
			isa = XCConfigurationList;
			buildConfigurations = (
				FF3883D31CD9083000F0CEB9 /* Debug */,
				FF3883D41CD9083000F0CEB9 /* Release */,
			);
			defaultConfigurationIsVisible = 0;
			defaultConfigurationName = Release;
		};
/* End XCConfigurationList section */
	};
	rootObject = FF3883B31CD9083000F0CEB9 /* Project object */;
}
